
Microsoft Visual Studio Solution File, Format Version 12.00
# Visual Studio Version 17
VisualStudioVersion = 17.3.32819.101
MinimumVisualStudioVersion = 10.0.40219.1
Project("{9A19103F-16F7-4668-BE54-9A1E7A4F7556}") = "ITunes", "ITunes\ITunes.csproj", "{599B9609-B2B8-4752-8FFE-7F05C873B1FF}"
EndProject
Global
	GlobalSection(SolutionConfigurationPlatforms) = preSolution
		Debug|Any CPU = Debug|Any CPU
		Release|Any CPU = Release|Any CPU
	EndGlobalSection
	GlobalSection(ProjectConfigurationPlatforms) = postSolution
		{599B9609-B2B8-4752-8FFE-7F05C873B1FF}.Debug|Any CPU.ActiveCfg = Debug|Any CPU
		{599B9609-B2B8-4752-8FFE-7F05C873B1FF}.Debug|Any CPU.Build.0 = Debug|Any CPU
		{599B9609-B2B8-4752-8FFE-7F05C873B1FF}.Release|Any CPU.ActiveCfg = Release|Any CPU
		{599B9609-B2B8-4752-8FFE-7F05C873B1FF}.Release|Any CPU.Build.0 = Release|Any CPU
	EndGlobalSection
	GlobalSection(SolutionProperties) = preSolution
		HideSolutionNode = FALSE
	EndGlobalSection
	GlobalSection(ExtensibilityGlobals) = postSolution
		SolutionGuid = {E966DBF0-2B8D-4158-A9AF-85DFB9B86455}
	EndGlobalSection
EndGlobal
